// !$*UTF8*$!
{
	archiveVersion = 1;
	classes = {
	};
	objectVersion = 46;
	objects = {

/* Begin PBXBuildFile section */
		2C6F27E61DBB97550025E45A /* main.m in Sources */ = {isa = PBXBuildFile; fileRef = 2C6F27E51DBB97550025E45A /* main.m */; };
		2C6F27E91DBB97550025E45A /* AppDelegate.m in Sources */ = {isa = PBXBuildFile; fileRef = 2C6F27E81DBB97550025E45A /* AppDelegate.m */; };
		2C6F27EC1DBB97550025E45A /* ViewController.m in Sources */ = {isa = PBXBuildFile; fileRef = 2C6F27EB1DBB97550025E45A /* ViewController.m */; };
		2C6F27EF1DBB97550025E45A /* Main.storyboard in Resources */ = {isa = PBXBuildFile; fileRef = 2C6F27ED1DBB97550025E45A /* Main.storyboard */; };
		2C6F27F11DBB97550025E45A /* Assets.xcassets in Resources */ = {isa = PBXBuildFile; fileRef = 2C6F27F01DBB97550025E45A /* Assets.xcassets */; };
		2C6F27F41DBB97550025E45A /* LaunchScreen.storyboard in Resources */ = {isa = PBXBuildFile; fileRef = 2C6F27F21DBB97550025E45A /* LaunchScreen.storyboard */; };
		2C6F27FF1DBB97550025E45A /* ELPickerViewControllerTests.m in Sources */ = {isa = PBXBuildFile; fileRef = 2C6F27FE1DBB97550025E45A /* ELPickerViewControllerTests.m */; };
		2C6F280A1DBB97550025E45A /* ELPickerViewControllerUITests.m in Sources */ = {isa = PBXBuildFile; fileRef = 2C6F28091DBB97550025E45A /* ELPickerViewControllerUITests.m */; };
/* End PBXBuildFile section */

/* Begin PBXContainerItemProxy section */
		2C6F27FB1DBB97550025E45A /* PBXContainerItemProxy */ = {
			isa = PBXContainerItemProxy;
			containerPortal = 2C6F27D91DBB97540025E45A /* Project object */;
			proxyType = 1;
			remoteGlobalIDString = 2C6F27E01DBB97550025E45A;
			remoteInfo = ELPickerViewController;
		};
		2C6F28061DBB97550025E45A /* PBXContainerItemProxy */ = {
			isa = PBXContainerItemProxy;
			containerPortal = 2C6F27D91DBB97540025E45A /* Project object */;
			proxyType = 1;
			remoteGlobalIDString = 2C6F27E01DBB97550025E45A;
			remoteInfo = ELPickerViewController;
		};
/* End PBXContainerItemProxy section */

/* Begin PBXFileReference section */
		2C6F27E11DBB97550025E45A /* ELPickerViewController.app */ = {isa = PBXFileReference; explicitFileType = wrapper.application; includeInIndex = 0; path = ELPickerViewController.app; sourceTree = BUILT_PRODUCTS_DIR; };
		2C6F27E51DBB97550025E45A /* main.m */ = {isa = PBXFileReference; lastKnownFileType = sourcecode.c.objc; path = main.m; sourceTree = "<group>"; };
		2C6F27E71DBB97550025E45A /* AppDelegate.h */ = {isa = PBXFileReference; lastKnownFileType = sourcecode.c.h; path = AppDelegate.h; sourceTree = "<group>"; };
		2C6F27E81DBB97550025E45A /* AppDelegate.m */ = {isa = PBXFileReference; lastKnownFileType = sourcecode.c.objc; path = AppDelegate.m; sourceTree = "<group>"; };
		2C6F27EA1DBB97550025E45A /* ViewController.h */ = {isa = PBXFileReference; lastKnownFileType = sourcecode.c.h; path = ViewController.h; sourceTree = "<group>"; };
		2C6F27EB1DBB97550025E45A /* ViewController.m */ = {isa = PBXFileReference; lastKnownFileType = sourcecode.c.objc; path = ViewController.m; sourceTree = "<group>"; };
		2C6F27EE1DBB97550025E45A /* Base */ = {isa = PBXFileReference; lastKnownFileType = file.storyboard; name = Base; path = Base.lproj/Main.storyboard; sourceTree = "<group>"; };
		2C6F27F01DBB97550025E45A /* Assets.xcassets */ = {isa = PBXFileReference; lastKnownFileType = folder.assetcatalog; path = Assets.xcassets; sourceTree = "<group>"; };
		2C6F27F31DBB97550025E45A /* Base */ = {isa = PBXFileReference; lastKnownFileType = file.storyboard; name = Base; path = Base.lproj/LaunchScreen.storyboard; sourceTree = "<group>"; };
		2C6F27F51DBB97550025E45A /* Info.plist */ = {isa = PBXFileReference; lastKnownFileType = text.plist.xml; path = Info.plist; sourceTree = "<group>"; };
		2C6F27FA1DBB97550025E45A /* ELPickerViewControllerTests.xctest */ = {isa = PBXFileReference; explicitFileType = wrapper.cfbundle; includeInIndex = 0; path = ELPickerViewControllerTests.xctest; sourceTree = BUILT_PRODUCTS_DIR; };
		2C6F27FE1DBB97550025E45A /* ELPickerViewControllerTests.m */ = {isa = PBXFileReference; lastKnownFileType = sourcecode.c.objc; path = ELPickerViewControllerTests.m; sourceTree = "<group>"; };
		2C6F28001DBB97550025E45A /* Info.plist */ = {isa = PBXFileReference; lastKnownFileType = text.plist.xml; path = Info.plist; sourceTree = "<group>"; };
		2C6F28051DBB97550025E45A /* ELPickerViewControllerUITests.xctest */ = {isa = PBXFileReference; explicitFileType = wrapper.cfbundle; includeInIndex = 0; path = ELPickerViewControllerUITests.xctest; sourceTree = BUILT_PRODUCTS_DIR; };
		2C6F28091DBB97550025E45A /* ELPickerViewControllerUITests.m */ = {isa = PBXFileReference; lastKnownFileType = sourcecode.c.objc; path = ELPickerViewControllerUITests.m; sourceTree = "<group>"; };
		2C6F280B1DBB97550025E45A /* Info.plist */ = {isa = PBXFileReference; lastKnownFileType = text.plist.xml; path = Info.plist; sourceTree = "<group>"; };
/* End PBXFileReference section */

/* Begin PBXFrameworksBuildPhase section */
		2C6F27DE1DBB97550025E45A /* Frameworks */ = {
			isa = PBXFrameworksBuildPhase;
			buildActionMask = 2147483647;
			files = (
			);
			runOnlyForDeploymentPostprocessing = 0;
		};
		2C6F27F71DBB97550025E45A /* Frameworks */ = {
			isa = PBXFrameworksBuildPhase;
			buildActionMask = 2147483647;
			files = (
			);
			runOnlyForDeploymentPostprocessing = 0;
		};
		2C6F28021DBB97550025E45A /* Frameworks */ = {
			isa = PBXFrameworksBuildPhase;
			buildActionMask = 2147483647;
			files = (
			);
			runOnlyForDeploymentPostprocessing = 0;
		};
/* End PBXFrameworksBuildPhase section */

/* Begin PBXGroup section */
		2C6F27D81DBB97540025E45A = {
			isa = PBXGroup;
			children = (
				2C6F27E31DBB97550025E45A /* ELPickerViewController */,
				2C6F27FD1DBB97550025E45A /* ELPickerViewControllerTests */,
				2C6F28081DBB97550025E45A /* ELPickerViewControllerUITests */,
				2C6F27E21DBB97550025E45A /* Products */,
			);
			sourceTree = "<group>";
		};
		2C6F27E21DBB97550025E45A /* Products */ = {
			isa = PBXGroup;
			children = (
				2C6F27E11DBB97550025E45A /* ELPickerViewController.app */,
				2C6F27FA1DBB97550025E45A /* ELPickerViewControllerTests.xctest */,
				2C6F28051DBB97550025E45A /* ELPickerViewControllerUITests.xctest */,
			);
			name = Products;
			sourceTree = "<group>";
		};
		2C6F27E31DBB97550025E45A /* ELPickerViewController */ = {
			isa = PBXGroup;
			children = (
				2C6F27E71DBB97550025E45A /* AppDelegate.h */,
				2C6F27E81DBB97550025E45A /* AppDelegate.m */,
				2C6F27EA1DBB97550025E45A /* ViewController.h */,
				2C6F27EB1DBB97550025E45A /* ViewController.m */,
				2C6F27ED1DBB97550025E45A /* Main.storyboard */,
				2C6F27F01DBB97550025E45A /* Assets.xcassets */,
				2C6F27F21DBB97550025E45A /* LaunchScreen.storyboard */,
				2C6F27F51DBB97550025E45A /* Info.plist */,
				2C6F27E41DBB97550025E45A /* Supporting Files */,
			);
			path = ELPickerViewController;
			sourceTree = "<group>";
		};
		2C6F27E41DBB97550025E45A /* Supporting Files */ = {
			isa = PBXGroup;
			children = (
				2C6F27E51DBB97550025E45A /* main.m */,
			);
			name = "Supporting Files";
			sourceTree = "<group>";
		};
		2C6F27FD1DBB97550025E45A /* ELPickerViewControllerTests */ = {
			isa = PBXGroup;
			children = (
				2C6F27FE1DBB97550025E45A /* ELPickerViewControllerTests.m */,
				2C6F28001DBB97550025E45A /* Info.plist */,
			);
			path = ELPickerViewControllerTests;
			sourceTree = "<group>";
		};
		2C6F28081DBB97550025E45A /* ELPickerViewControllerUITests */ = {
			isa = PBXGroup;
			children = (
				2C6F28091DBB97550025E45A /* ELPickerViewControllerUITests.m */,
				2C6F280B1DBB97550025E45A /* Info.plist */,
			);
			path = ELPickerViewControllerUITests;
			sourceTree = "<group>";
		};
/* End PBXGroup section */

/* Begin PBXNativeTarget section */
		2C6F27E01DBB97550025E45A /* ELPickerViewController */ = {
			isa = PBXNativeTarget;
			buildConfigurationList = 2C6F280E1DBB97550025E45A /* Build configuration list for PBXNativeTarget "ELPickerViewController" */;
			buildPhases = (
				2C6F27DD1DBB97550025E45A /* Sources */,
				2C6F27DE1DBB97550025E45A /* Frameworks */,
				2C6F27DF1DBB97550025E45A /* Resources */,
			);
			buildRules = (
			);
			dependencies = (
			);
			name = ELPickerViewController;
			productName = ELPickerViewController;
			productReference = 2C6F27E11DBB97550025E45A /* ELPickerViewController.app */;
			productType = "com.apple.product-type.application";
		};
		2C6F27F91DBB97550025E45A /* ELPickerViewControllerTests */ = {
			isa = PBXNativeTarget;
			buildConfigurationList = 2C6F28111DBB97550025E45A /* Build configuration list for PBXNativeTarget "ELPickerViewControllerTests" */;
			buildPhases = (
				2C6F27F61DBB97550025E45A /* Sources */,
				2C6F27F71DBB97550025E45A /* Frameworks */,
				2C6F27F81DBB97550025E45A /* Resources */,
			);
			buildRules = (
			);
			dependencies = (
				2C6F27FC1DBB97550025E45A /* PBXTargetDependency */,
			);
			name = ELPickerViewControllerTests;
			productName = ELPickerViewControllerTests;
			productReference = 2C6F27FA1DBB97550025E45A /* ELPickerViewControllerTests.xctest */;
			productType = "com.apple.product-type.bundle.unit-test";
		};
		2C6F28041DBB97550025E45A /* ELPickerViewControllerUITests */ = {
			isa = PBXNativeTarget;
			buildConfigurationList = 2C6F28141DBB97550025E45A /* Build configuration list for PBXNativeTarget "ELPickerViewControllerUITests" */;
			buildPhases = (
				2C6F28011DBB97550025E45A /* Sources */,
				2C6F28021DBB97550025E45A /* Frameworks */,
				2C6F28031DBB97550025E45A /* Resources */,
			);
			buildRules = (
			);
			dependencies = (
				2C6F28071DBB97550025E45A /* PBXTargetDependency */,
			);
			name = ELPickerViewControllerUITests;
			productName = ELPickerViewControllerUITests;
			productReference = 2C6F28051DBB97550025E45A /* ELPickerViewControllerUITests.xctest */;
			productType = "com.apple.product-type.bundle.ui-testing";
		};
/* End PBXNativeTarget section */

/* Begin PBXProject section */
		2C6F27D91DBB97540025E45A /* Project object */ = {
			isa = PBXProject;
			attributes = {
				LastUpgradeCheck = 0800;
				ORGANIZATIONNAME = Elenion;
				TargetAttributes = {
					2C6F27E01DBB97550025E45A = {
						CreatedOnToolsVersion = 8.0;
						ProvisioningStyle = Automatic;
					};
					2C6F27F91DBB97550025E45A = {
						CreatedOnToolsVersion = 8.0;
						ProvisioningStyle = Automatic;
						TestTargetID = 2C6F27E01DBB97550025E45A;
					};
					2C6F28041DBB97550025E45A = {
						CreatedOnToolsVersion = 8.0;
						ProvisioningStyle = Automatic;
						TestTargetID = 2C6F27E01DBB97550025E45A;
					};
				};
			};
			buildConfigurationList = 2C6F27DC1DBB97540025E45A /* Build configuration list for PBXProject "ELPickerViewController" */;
			compatibilityVersion = "Xcode 3.2";
			developmentRegion = English;
			hasScannedForEncodings = 0;
			knownRegions = (
				en,
				Base,
			);
			mainGroup = 2C6F27D81DBB97540025E45A;
			productRefGroup = 2C6F27E21DBB97550025E45A /* Products */;
			projectDirPath = "";
			projectRoot = "";
			targets = (
				2C6F27E01DBB97550025E45A /* ELPickerViewController */,
				2C6F27F91DBB97550025E45A /* ELPickerViewControllerTests */,
				2C6F28041DBB97550025E45A /* ELPickerViewControllerUITests */,
			);
		};
/* End PBXProject section */

/* Begin PBXResourcesBuildPhase section */
		2C6F27DF1DBB97550025E45A /* Resources */ = {
			isa = PBXResourcesBuildPhase;
			buildActionMask = 2147483647;
			files = (
				2C6F27F41DBB97550025E45A /* LaunchScreen.storyboard in Resources */,
				2C6F27F11DBB97550025E45A /* Assets.xcassets in Resources */,
				2C6F27EF1DBB97550025E45A /* Main.storyboard in Resources */,
			);
			runOnlyForDeploymentPostprocessing = 0;
		};
		2C6F27F81DBB97550025E45A /* Resources */ = {
			isa = PBXResourcesBuildPhase;
			buildActionMask = 2147483647;
			files = (
			);
			runOnlyForDeploymentPostprocessing = 0;
		};
		2C6F28031DBB97550025E45A /* Resources */ = {
			isa = PBXResourcesBuildPhase;
			buildActionMask = 2147483647;
			files = (
			);
			runOnlyForDeploymentPostprocessing = 0;
		};
/* End PBXResourcesBuildPhase section */

/* Begin PBXSourcesBuildPhase section */
		2C6F27DD1DBB97550025E45A /* Sources */ = {
			isa = PBXSourcesBuildPhase;
			buildActionMask = 2147483647;
			files = (
				2C6F27EC1DBB97550025E45A /* ViewController.m in Sources */,
				2C6F27E91DBB97550025E45A /* AppDelegate.m in Sources */,
				2C6F27E61DBB97550025E45A /* main.m in Sources */,
			);
			runOnlyForDeploymentPostprocessing = 0;
		};
		2C6F27F61DBB97550025E45A /* Sources */ = {
			isa = PBXSourcesBuildPhase;
			buildActionMask = 2147483647;
			files = (
				2C6F27FF1DBB97550025E45A /* ELPickerViewControllerTests.m in Sources */,
			);
			runOnlyForDeploymentPostprocessing = 0;
		};
		2C6F28011DBB97550025E45A /* Sources */ = {
			isa = PBXSourcesBuildPhase;
			buildActionMask = 2147483647;
			files = (
				2C6F280A1DBB97550025E45A /* ELPickerViewControllerUITests.m in Sources */,
			);
			runOnlyForDeploymentPostprocessing = 0;
		};
/* End PBXSourcesBuildPhase section */

/* Begin PBXTargetDependency section */
		2C6F27FC1DBB97550025E45A /* PBXTargetDependency */ = {
			isa = PBXTargetDependency;
			target = 2C6F27E01DBB97550025E45A /* ELPickerViewController */;
			targetProxy = 2C6F27FB1DBB97550025E45A /* PBXContainerItemProxy */;
		};
		2C6F28071DBB97550025E45A /* PBXTargetDependency */ = {
			isa = PBXTargetDependency;
			target = 2C6F27E01DBB97550025E45A /* ELPickerViewController */;
			targetProxy = 2C6F28061DBB97550025E45A /* PBXContainerItemProxy */;
		};
/* End PBXTargetDependency section */

/* Begin PBXVariantGroup section */
		2C6F27ED1DBB97550025E45A /* Main.storyboard */ = {
			isa = PBXVariantGroup;
			children = (
				2C6F27EE1DBB97550025E45A /* Base */,
			);
			name = Main.storyboard;
			sourceTree = "<group>";
		};
		2C6F27F21DBB97550025E45A /* LaunchScreen.storyboard */ = {
			isa = PBXVariantGroup;
			children = (
				2C6F27F31DBB97550025E45A /* Base */,
			);
			name = LaunchScreen.storyboard;
			sourceTree = "<group>";
		};
/* End PBXVariantGroup section */

/* Begin XCBuildConfiguration section */
		2C6F280C1DBB97550025E45A /* Debug */ = {
			isa = XCBuildConfiguration;
			buildSettings = {
				ALWAYS_SEARCH_USER_PATHS = NO;
				CLANG_ANALYZER_NONNULL = YES;
				CLANG_CXX_LANGUAGE_STANDARD = "gnu++0x";
				CLANG_CXX_LIBRARY = "libc++";
				CLANG_ENABLE_MODULES = YES;
				CLANG_ENABLE_OBJC_ARC = YES;
				CLANG_WARN_BOOL_CONVERSION = YES;
				CLANG_WARN_CONSTANT_CONVERSION = YES;
				CLANG_WARN_DIRECT_OBJC_ISA_USAGE = YES_ERROR;
				CLANG_WARN_DOCUMENTATION_COMMENTS = YES;
				CLANG_WARN_EMPTY_BODY = YES;
				CLANG_WARN_ENUM_CONVERSION = YES;
				CLANG_WARN_INFINITE_RECURSION = YES;
				CLANG_WARN_INT_CONVERSION = YES;
				CLANG_WARN_OBJC_ROOT_CLASS = YES_ERROR;
				CLANG_WARN_SUSPICIOUS_MOVES = YES;
				CLANG_WARN_UNREACHABLE_CODE = YES;
				CLANG_WARN__DUPLICATE_METHOD_MATCH = YES;
				"CODE_SIGN_IDENTITY[sdk=iphoneos*]" = "iPhone Developer";
				COPY_PHASE_STRIP = NO;
				DEBUG_INFORMATION_FORMAT = dwarf;
				ENABLE_STRICT_OBJC_MSGSEND = YES;
				ENABLE_TESTABILITY = YES;
				GCC_C_LANGUAGE_STANDARD = gnu99;
				GCC_DYNAMIC_NO_PIC = NO;
				GCC_NO_COMMON_BLOCKS = YES;
				GCC_OPTIMIZATION_LEVEL = 0;
				GCC_PREPROCESSOR_DEFINITIONS = (
					"DEBUG=1",
					"$(inherited)",
				);
				GCC_WARN_64_TO_32_BIT_CONVERSION = YES;
				GCC_WARN_ABOUT_RETURN_TYPE = YES_ERROR;
				GCC_WARN_UNDECLARED_SELECTOR = YES;
				GCC_WARN_UNINITIALIZED_AUTOS = YES_AGGRESSIVE;
				GCC_WARN_UNUSED_FUNCTION = YES;
				GCC_WARN_UNUSED_VARIABLE = YES;
				IPHONEOS_DEPLOYMENT_TARGET = 10.0;
				MTL_ENABLE_DEBUG_INFO = YES;
				ONLY_ACTIVE_ARCH = YES;
				SDKROOT = iphoneos;
				TARGETED_DEVICE_FAMILY = "1,2";
			};
			name = Debug;
		};
		2C6F280D1DBB97550025E45A /* Release */ = {
			isa = XCBuildConfiguration;
			buildSettings = {
				ALWAYS_SEARCH_USER_PATHS = NO;
				CLANG_ANALYZER_NONNULL = YES;
				CLANG_CXX_LANGUAGE_STANDARD = "gnu++0x";
				CLANG_CXX_LIBRARY = "libc++";
				CLANG_ENABLE_MODULES = YES;
				CLANG_ENABLE_OBJC_ARC = YES;
				CLANG_WARN_BOOL_CONVERSION = YES;
				CLANG_WARN_CONSTANT_CONVERSION = YES;
				CLANG_WARN_DIRECT_OBJC_ISA_USAGE = YES_ERROR;
				CLANG_WARN_DOCUMENTATION_COMMENTS = YES;
				CLANG_WARN_EMPTY_BODY = YES;
				CLANG_WARN_ENUM_CONVERSION = YES;
				CLANG_WARN_INFINITE_RECURSION = YES;
				CLANG_WARN_INT_CONVERSION = YES;
				CLANG_WARN_OBJC_ROOT_CLASS = YES_ERROR;
				CLANG_WARN_SUSPICIOUS_MOVES = YES;
				CLANG_WARN_UNREACHABLE_CODE = YES;
				CLANG_WARN__DUPLICATE_METHOD_MATCH = YES;
				"CODE_SIGN_IDENTITY[sdk=iphoneos*]" = "iPhone Developer";
				COPY_PHASE_STRIP = NO;
				DEBUG_INFORMATION_FORMAT = "dwarf-with-dsym";
				ENABLE_NS_ASSERTIONS = NO;
				ENABLE_STRICT_OBJC_MSGSEND = YES;
				GCC_C_LANGUAGE_STANDARD = gnu99;
				GCC_NO_COMMON_BLOCKS = YES;
				GCC_WARN_64_TO_32_BIT_CONVERSION = YES;
				GCC_WARN_ABOUT_RETURN_TYPE = YES_ERROR;
				GCC_WARN_UNDECLARED_SELECTOR = YES;
				GCC_WARN_UNINITIALIZED_AUTOS = YES_AGGRESSIVE;
				GCC_WARN_UNUSED_FUNCTION = YES;
				GCC_WARN_UNUSED_VARIABLE = YES;
				IPHONEOS_DEPLOYMENT_TARGET = 10.0;
				MTL_ENABLE_DEBUG_INFO = NO;
				SDKROOT = iphoneos;
				TARGETED_DEVICE_FAMILY = "1,2";
				VALIDATE_PRODUCT = YES;
			};
			name = Release;
		};
		2C6F280F1DBB97550025E45A /* Debug */ = {
			isa = XCBuildConfiguration;
			buildSettings = {
				ASSETCATALOG_COMPILER_APPICON_NAME = AppIcon;
				INFOPLIST_FILE = ELPickerViewController/Info.plist;
				LD_RUNPATH_SEARCH_PATHS = "$(inherited) @executable_path/Frameworks";
				PRODUCT_BUNDLE_IDENTIFIER = com.elenion.ELPickerViewController;
				PRODUCT_NAME = "$(TARGET_NAME)";
			};
			name = Debug;
		};
		2C6F28101DBB97550025E45A /* Release */ = {
			isa = XCBuildConfiguration;
			buildSettings = {
				ASSETCATALOG_COMPILER_APPICON_NAME = AppIcon;
				INFOPLIST_FILE = ELPickerViewController/Info.plist;
				LD_RUNPATH_SEARCH_PATHS = "$(inherited) @executable_path/Frameworks";
				PRODUCT_BUNDLE_IDENTIFIER = com.elenion.ELPickerViewController;
				PRODUCT_NAME = "$(TARGET_NAME)";
			};
			name = Release;
		};
		2C6F28121DBB97550025E45A /* Debug */ = {
			isa = XCBuildConfiguration;
			buildSettings = {
				BUNDLE_LOADER = "$(TEST_HOST)";
				INFOPLIST_FILE = ELPickerViewControllerTests/Info.plist;
				LD_RUNPATH_SEARCH_PATHS = "$(inherited) @executable_path/Frameworks @loader_path/Frameworks";
				PRODUCT_BUNDLE_IDENTIFIER = com.elenion.ELPickerViewControllerTests;
				PRODUCT_NAME = "$(TARGET_NAME)";
				TEST_HOST = "$(BUILT_PRODUCTS_DIR)/ELPickerViewController.app/ELPickerViewController";
			};
			name = Debug;
		};
		2C6F28131DBB97550025E45A /* Release */ = {
			isa = XCBuildConfiguration;
			buildSettings = {
				BUNDLE_LOADER = "$(TEST_HOST)";
				INFOPLIST_FILE = ELPickerViewControllerTests/Info.plist;
				LD_RUNPATH_SEARCH_PATHS = "$(inherited) @executable_path/Frameworks @loader_path/Frameworks";
				PRODUCT_BUNDLE_IDENTIFIER = com.elenion.ELPickerViewControllerTests;
				PRODUCT_NAME = "$(TARGET_NAME)";
				TEST_HOST = "$(BUILT_PRODUCTS_DIR)/ELPickerViewController.app/ELPickerViewController";
			};
			name = Release;
		};
		2C6F28151DBB97550025E45A /* Debug */ = {
			isa = XCBuildConfiguration;
			buildSettings = {
				INFOPLIST_FILE = ELPickerViewControllerUITests/Info.plist;
				LD_RUNPATH_SEARCH_PATHS = "$(inherited) @executable_path/Frameworks @loader_path/Frameworks";
				PRODUCT_BUNDLE_IDENTIFIER = com.elenion.ELPickerViewControllerUITests;
				PRODUCT_NAME = "$(TARGET_NAME)";
				TEST_TARGET_NAME = ELPickerViewController;
			};
			name = Debug;
		};
		2C6F28161DBB97550025E45A /* Release */ = {
			isa = XCBuildConfiguration;
			buildSettings = {
				INFOPLIST_FILE = ELPickerViewControllerUITests/Info.plist;
				LD_RUNPATH_SEARCH_PATHS = "$(inherited) @executable_path/Frameworks @loader_path/Frameworks";
				PRODUCT_BUNDLE_IDENTIFIER = com.elenion.ELPickerViewControllerUITests;
				PRODUCT_NAME = "$(TARGET_NAME)";
				TEST_TARGET_NAME = ELPickerViewController;
			};
			name = Release;
		};
/* End XCBuildConfiguration section */

/* Begin XCConfigurationList section */
		2C6F27DC1DBB97540025E45A /* Build configuration list for PBXProject "ELPickerViewController" */ = {
			isa = XCConfigurationList;
			buildConfigurations = (
				2C6F280C1DBB97550025E45A /* Debug */,
				2C6F280D1DBB97550025E45A /* Release */,
			);
			defaultConfigurationIsVisible = 0;
			defaultConfigurationName = Release;
		};
		2C6F280E1DBB97550025E45A /* Build configuration list for PBXNativeTarget "ELPickerViewController" */ = {
			isa = XCConfigurationList;
			buildConfigurations = (
				2C6F280F1DBB97550025E45A /* Debug */,
				2C6F28101DBB97550025E45A /* Release */,
			);
			defaultConfigurationIsVisible = 0;
		};
		2C6F28111DBB97550025E45A /* Build configuration list for PBXNativeTarget "ELPickerViewControllerTests" */ = {
			isa = XCConfigurationList;
			buildConfigurations = (
				2C6F28121DBB97550025E45A /* Debug */,
				2C6F28131DBB97550025E45A /* Release */,
			);
			defaultConfigurationIsVisible = 0;
		};
		2C6F28141DBB97550025E45A /* Build configuration list for PBXNativeTarget "ELPickerViewControllerUITests" */ = {
			isa = XCConfigurationList;
			buildConfigurations = (
				2C6F28151DBB97550025E45A /* Debug */,
				2C6F28161DBB97550025E45A /* Release */,
			);
			defaultConfigurationIsVisible = 0;
		};
/* End XCConfigurationList section */
	};
	rootObject = 2C6F27D91DBB97540025E45A /* Project object */;
}
